
Microsoft Visual Studio Solution File, Format Version 12.00
# Visual Studio Version 17
VisualStudioVersion = 17.8.34316.72
MinimumVisualStudioVersion = 10.0.40219.1
Project("{FAE04EC0-301F-11D3-BF4B-00C04F79EFBC}") = "BazeDeDate", "BazeDeDate\BazeDeDate.csproj", "{A9D3B130-9AB7-477E-AC0E-BB70ACB5B10E}"
EndProject
Global
	GlobalSection(SolutionConfigurationPlatforms) = preSolution
		Debug|Any CPU = Debug|Any CPU
		Release|Any CPU = Release|Any CPU
	EndGlobalSection
	GlobalSection(ProjectConfigurationPlatforms) = postSolution
		{A9D3B130-9AB7-477E-AC0E-BB70ACB5B10E}.Debug|Any CPU.ActiveCfg = Debug|Any CPU
		{A9D3B130-9AB7-477E-AC0E-BB70ACB5B10E}.Debug|Any CPU.Build.0 = Debug|Any CPU
		{A9D3B130-9AB7-477E-AC0E-BB70ACB5B10E}.Release|Any CPU.ActiveCfg = Release|Any CPU
		{A9D3B130-9AB7-477E-AC0E-BB70ACB5B10E}.Release|Any CPU.Build.0 = Release|Any CPU
	EndGlobalSection
	GlobalSection(SolutionProperties) = preSolution
		HideSolutionNode = FALSE
	EndGlobalSection
	GlobalSection(ExtensibilityGlobals) = postSolution
		SolutionGuid = {F54D5C84-6DF9-45BA-926A-5C74D1B116D8}
	EndGlobalSection
EndGlobal
